// !$*UTF8*$!
{
	archiveVersion = 1;
	classes = {
	};
	objectVersion = 46;
	objects = {

/* Begin PBXBuildFile section */
		BC16A8181C588AA20005BD41 /* AppDelegate.swift in Sources */ = {isa = PBXBuildFile; fileRef = BC16A8171C588AA20005BD41 /* AppDelegate.swift */; };
		BC16A81A1C588AA20005BD41 /* ViewController.swift in Sources */ = {isa = PBXBuildFile; fileRef = BC16A8191C588AA20005BD41 /* ViewController.swift */; };
		BC16A81D1C588AA30005BD41 /* Main.storyboard in Resources */ = {isa = PBXBuildFile; fileRef = BC16A81B1C588AA30005BD41 /* Main.storyboard */; };
		BC16A81F1C588AA30005BD41 /* Assets.xcassets in Resources */ = {isa = PBXBuildFile; fileRef = BC16A81E1C588AA30005BD41 /* Assets.xcassets */; };
		BC16A8221C588AA30005BD41 /* LaunchScreen.storyboard in Resources */ = {isa = PBXBuildFile; fileRef = BC16A8201C588AA30005BD41 /* LaunchScreen.storyboard */; };
		BC16A82D1C588AA30005BD41 /* iCalcTests.swift in Sources */ = {isa = PBXBuildFile; fileRef = BC16A82C1C588AA30005BD41 /* iCalcTests.swift */; };
		BC16A8381C588AA30005BD41 /* iCalcUITests.swift in Sources */ = {isa = PBXBuildFile; fileRef = BC16A8371C588AA30005BD41 /* iCalcUITests.swift */; };
		BCF597871C59D23E004D5150 /* CalculatorBrain.swift in Sources */ = {isa = PBXBuildFile; fileRef = BCF597861C59D23E004D5150 /* CalculatorBrain.swift */; };
/* End PBXBuildFile section */

/* Begin PBXContainerItemProxy section */
		BC16A8291C588AA30005BD41 /* PBXContainerItemProxy */ = {
			isa = PBXContainerItemProxy;
			containerPortal = BC16A80C1C588AA20005BD41 /* Project object */;
			proxyType = 1;
			remoteGlobalIDString = BC16A8131C588AA20005BD41;
			remoteInfo = iCalc;
		};
		BC16A8341C588AA30005BD41 /* PBXContainerItemProxy */ = {
			isa = PBXContainerItemProxy;
			containerPortal = BC16A80C1C588AA20005BD41 /* Project object */;
			proxyType = 1;
			remoteGlobalIDString = BC16A8131C588AA20005BD41;
			remoteInfo = iCalc;
		};
/* End PBXContainerItemProxy section */

/* Begin PBXFileReference section */
		BC16A8141C588AA20005BD41 /* iCalc.app */ = {isa = PBXFileReference; explicitFileType = wrapper.application; includeInIndex = 0; path = iCalc.app; sourceTree = BUILT_PRODUCTS_DIR; };
		BC16A8171C588AA20005BD41 /* AppDelegate.swift */ = {isa = PBXFileReference; lastKnownFileType = sourcecode.swift; path = AppDelegate.swift; sourceTree = "<group>"; };
		BC16A8191C588AA20005BD41 /* ViewController.swift */ = {isa = PBXFileReference; lastKnownFileType = sourcecode.swift; path = ViewController.swift; sourceTree = "<group>"; };
		BC16A81C1C588AA30005BD41 /* Base */ = {isa = PBXFileReference; lastKnownFileType = file.storyboard; name = Base; path = Base.lproj/Main.storyboard; sourceTree = "<group>"; };
		BC16A81E1C588AA30005BD41 /* Assets.xcassets */ = {isa = PBXFileReference; lastKnownFileType = folder.assetcatalog; path = Assets.xcassets; sourceTree = "<group>"; };
		BC16A8211C588AA30005BD41 /* Base */ = {isa = PBXFileReference; lastKnownFileType = file.storyboard; name = Base; path = Base.lproj/LaunchScreen.storyboard; sourceTree = "<group>"; };
		BC16A8231C588AA30005BD41 /* Info.plist */ = {isa = PBXFileReference; lastKnownFileType = text.plist.xml; path = Info.plist; sourceTree = "<group>"; };
		BC16A8281C588AA30005BD41 /* iCalcTests.xctest */ = {isa = PBXFileReference; explicitFileType = wrapper.cfbundle; includeInIndex = 0; path = iCalcTests.xctest; sourceTree = BUILT_PRODUCTS_DIR; };
		BC16A82C1C588AA30005BD41 /* iCalcTests.swift */ = {isa = PBXFileReference; lastKnownFileType = sourcecode.swift; path = iCalcTests.swift; sourceTree = "<group>"; };
		BC16A82E1C588AA30005BD41 /* Info.plist */ = {isa = PBXFileReference; lastKnownFileType = text.plist.xml; path = Info.plist; sourceTree = "<group>"; };
		BC16A8331C588AA30005BD41 /* iCalcUITests.xctest */ = {isa = PBXFileReference; explicitFileType = wrapper.cfbundle; includeInIndex = 0; path = iCalcUITests.xctest; sourceTree = BUILT_PRODUCTS_DIR; };
		BC16A8371C588AA30005BD41 /* iCalcUITests.swift */ = {isa = PBXFileReference; lastKnownFileType = sourcecode.swift; path = iCalcUITests.swift; sourceTree = "<group>"; };
		BC16A8391C588AA30005BD41 /* Info.plist */ = {isa = PBXFileReference; lastKnownFileType = text.plist.xml; path = Info.plist; sourceTree = "<group>"; };
		BCF597861C59D23E004D5150 /* CalculatorBrain.swift */ = {isa = PBXFileReference; fileEncoding = 4; lastKnownFileType = sourcecode.swift; path = CalculatorBrain.swift; sourceTree = "<group>"; };
/* End PBXFileReference section */

/* Begin PBXFrameworksBuildPhase section */
		BC16A8111C588AA20005BD41 /* Frameworks */ = {
			isa = PBXFrameworksBuildPhase;
			buildActionMask = 2147483647;
			files = (
			);
			runOnlyForDeploymentPostprocessing = 0;
		};
		BC16A8251C588AA30005BD41 /* Frameworks */ = {
			isa = PBXFrameworksBuildPhase;
			buildActionMask = 2147483647;
			files = (
			);
			runOnlyForDeploymentPostprocessing = 0;
		};
		BC16A8301C588AA30005BD41 /* Frameworks */ = {
			isa = PBXFrameworksBuildPhase;
			buildActionMask = 2147483647;
			files = (
			);
			runOnlyForDeploymentPostprocessing = 0;
		};
/* End PBXFrameworksBuildPhase section */

/* Begin PBXGroup section */
		BC16A80B1C588AA20005BD41 = {
			isa = PBXGroup;
			children = (
				BC16A8161C588AA20005BD41 /* iCalc */,
				BC16A82B1C588AA30005BD41 /* iCalcTests */,
				BC16A8361C588AA30005BD41 /* iCalcUITests */,
				BC16A8151C588AA20005BD41 /* Products */,
			);
			sourceTree = "<group>";
		};
		BC16A8151C588AA20005BD41 /* Products */ = {
			isa = PBXGroup;
			children = (
				BC16A8141C588AA20005BD41 /* iCalc.app */,
				BC16A8281C588AA30005BD41 /* iCalcTests.xctest */,
				BC16A8331C588AA30005BD41 /* iCalcUITests.xctest */,
			);
			name = Products;
			sourceTree = "<group>";
		};
		BC16A8161C588AA20005BD41 /* iCalc */ = {
			isa = PBXGroup;
			children = (
				BC16A8171C588AA20005BD41 /* AppDelegate.swift */,
				BC16A8191C588AA20005BD41 /* ViewController.swift */,
				BC16A81B1C588AA30005BD41 /* Main.storyboard */,
				BCF597861C59D23E004D5150 /* CalculatorBrain.swift */,
				BC16A81E1C588AA30005BD41 /* Assets.xcassets */,
				BC16A8201C588AA30005BD41 /* LaunchScreen.storyboard */,
				BC16A8231C588AA30005BD41 /* Info.plist */,
			);
			path = iCalc;
			sourceTree = "<group>";
		};
		BC16A82B1C588AA30005BD41 /* iCalcTests */ = {
			isa = PBXGroup;
			children = (
				BC16A82C1C588AA30005BD41 /* iCalcTests.swift */,
				BC16A82E1C588AA30005BD41 /* Info.plist */,
			);
			path = iCalcTests;
			sourceTree = "<group>";
		};
		BC16A8361C588AA30005BD41 /* iCalcUITests */ = {
			isa = PBXGroup;
			children = (
				BC16A8371C588AA30005BD41 /* iCalcUITests.swift */,
				BC16A8391C588AA30005BD41 /* Info.plist */,
			);
			path = iCalcUITests;
			sourceTree = "<group>";
		};
/* End PBXGroup section */

/* Begin PBXNativeTarget section */
		BC16A8131C588AA20005BD41 /* iCalc */ = {
			isa = PBXNativeTarget;
			buildConfigurationList = BC16A83C1C588AA30005BD41 /* Build configuration list for PBXNativeTarget "iCalc" */;
			buildPhases = (
				BC16A8101C588AA20005BD41 /* Sources */,
				BC16A8111C588AA20005BD41 /* Frameworks */,
				BC16A8121C588AA20005BD41 /* Resources */,
			);
			buildRules = (
			);
			dependencies = (
			);
			name = iCalc;
			productName = iCalc;
			productReference = BC16A8141C588AA20005BD41 /* iCalc.app */;
			productType = "com.apple.product-type.application";
		};
		BC16A8271C588AA30005BD41 /* iCalcTests */ = {
			isa = PBXNativeTarget;
			buildConfigurationList = BC16A83F1C588AA30005BD41 /* Build configuration list for PBXNativeTarget "iCalcTests" */;
			buildPhases = (
				BC16A8241C588AA30005BD41 /* Sources */,
				BC16A8251C588AA30005BD41 /* Frameworks */,
				BC16A8261C588AA30005BD41 /* Resources */,
			);
			buildRules = (
			);
			dependencies = (
				BC16A82A1C588AA30005BD41 /* PBXTargetDependency */,
			);
			name = iCalcTests;
			productName = iCalcTests;
			productReference = BC16A8281C588AA30005BD41 /* iCalcTests.xctest */;
			productType = "com.apple.product-type.bundle.unit-test";
		};
		BC16A8321C588AA30005BD41 /* iCalcUITests */ = {
			isa = PBXNativeTarget;
			buildConfigurationList = BC16A8421C588AA30005BD41 /* Build configuration list for PBXNativeTarget "iCalcUITests" */;
			buildPhases = (
				BC16A82F1C588AA30005BD41 /* Sources */,
				BC16A8301C588AA30005BD41 /* Frameworks */,
				BC16A8311C588AA30005BD41 /* Resources */,
			);
			buildRules = (
			);
			dependencies = (
				BC16A8351C588AA30005BD41 /* PBXTargetDependency */,
			);
			name = iCalcUITests;
			productName = iCalcUITests;
			productReference = BC16A8331C588AA30005BD41 /* iCalcUITests.xctest */;
			productType = "com.apple.product-type.bundle.ui-testing";
		};
/* End PBXNativeTarget section */

/* Begin PBXProject section */
		BC16A80C1C588AA20005BD41 /* Project object */ = {
			isa = PBXProject;
			attributes = {
				LastSwiftUpdateCheck = 0720;
				LastUpgradeCheck = 0720;
				ORGANIZATIONNAME = "Nick Scott";
				TargetAttributes = {
					BC16A8131C588AA20005BD41 = {
						CreatedOnToolsVersion = 7.2;
					};
					BC16A8271C588AA30005BD41 = {
						CreatedOnToolsVersion = 7.2;
						TestTargetID = BC16A8131C588AA20005BD41;
					};
					BC16A8321C588AA30005BD41 = {
						CreatedOnToolsVersion = 7.2;
						TestTargetID = BC16A8131C588AA20005BD41;
					};
				};
			};
			buildConfigurationList = BC16A80F1C588AA20005BD41 /* Build configuration list for PBXProject "iCalc" */;
			compatibilityVersion = "Xcode 3.2";
			developmentRegion = English;
			hasScannedForEncodings = 0;
			knownRegions = (
				en,
				Base,
			);
			mainGroup = BC16A80B1C588AA20005BD41;
			productRefGroup = BC16A8151C588AA20005BD41 /* Products */;
			projectDirPath = "";
			projectRoot = "";
			targets = (
				BC16A8131C588AA20005BD41 /* iCalc */,
				BC16A8271C588AA30005BD41 /* iCalcTests */,
				BC16A8321C588AA30005BD41 /* iCalcUITests */,
			);
		};
/* End PBXProject section */

/* Begin PBXResourcesBuildPhase section */
		BC16A8121C588AA20005BD41 /* Resources */ = {
			isa = PBXResourcesBuildPhase;
			buildActionMask = 2147483647;
			files = (
				BC16A8221C588AA30005BD41 /* LaunchScreen.storyboard in Resources */,
				BC16A81F1C588AA30005BD41 /* Assets.xcassets in Resources */,
				BC16A81D1C588AA30005BD41 /* Main.storyboard in Resources */,
			);
			runOnlyForDeploymentPostprocessing = 0;
		};
		BC16A8261C588AA30005BD41 /* Resources */ = {
			isa = PBXResourcesBuildPhase;
			buildActionMask = 2147483647;
			files = (
			);
			runOnlyForDeploymentPostprocessing = 0;
		};
		BC16A8311C588AA30005BD41 /* Resources */ = {
			isa = PBXResourcesBuildPhase;
			buildActionMask = 2147483647;
			files = (
			);
			runOnlyForDeploymentPostprocessing = 0;
		};
/* End PBXResourcesBuildPhase section */

/* Begin PBXSourcesBuildPhase section */
		BC16A8101C588AA20005BD41 /* Sources */ = {
			isa = PBXSourcesBuildPhase;
			buildActionMask = 2147483647;
			files = (
				BCF597871C59D23E004D5150 /* CalculatorBrain.swift in Sources */,
				BC16A81A1C588AA20005BD41 /* ViewController.swift in Sources */,
				BC16A8181C588AA20005BD41 /* AppDelegate.swift in Sources */,
			);
			runOnlyForDeploymentPostprocessing = 0;
		};
		BC16A8241C588AA30005BD41 /* Sources */ = {
			isa = PBXSourcesBuildPhase;
			buildActionMask = 2147483647;
			files = (
				BC16A82D1C588AA30005BD41 /* iCalcTests.swift in Sources */,
			);
			runOnlyForDeploymentPostprocessing = 0;
		};
		BC16A82F1C588AA30005BD41 /* Sources */ = {
			isa = PBXSourcesBuildPhase;
			buildActionMask = 2147483647;
			files = (
				BC16A8381C588AA30005BD41 /* iCalcUITests.swift in Sources */,
			);
			runOnlyForDeploymentPostprocessing = 0;
		};
/* End PBXSourcesBuildPhase section */

/* Begin PBXTargetDependency section */
		BC16A82A1C588AA30005BD41 /* PBXTargetDependency */ = {
			isa = PBXTargetDependency;
			target = BC16A8131C588AA20005BD41 /* iCalc */;
			targetProxy = BC16A8291C588AA30005BD41 /* PBXContainerItemProxy */;
		};
		BC16A8351C588AA30005BD41 /* PBXTargetDependency */ = {
			isa = PBXTargetDependency;
			target = BC16A8131C588AA20005BD41 /* iCalc */;
			targetProxy = BC16A8341C588AA30005BD41 /* PBXContainerItemProxy */;
		};
/* End PBXTargetDependency section */

/* Begin PBXVariantGroup section */
		BC16A81B1C588AA30005BD41 /* Main.storyboard */ = {
			isa = PBXVariantGroup;
			children = (
				BC16A81C1C588AA30005BD41 /* Base */,
			);
			name = Main.storyboard;
			sourceTree = "<group>";
		};
		BC16A8201C588AA30005BD41 /* LaunchScreen.storyboard */ = {
			isa = PBXVariantGroup;
			children = (
				BC16A8211C588AA30005BD41 /* Base */,
			);
			name = LaunchScreen.storyboard;
			sourceTree = "<group>";
		};
/* End PBXVariantGroup section */

/* Begin XCBuildConfiguration section */
		BC16A83A1C588AA30005BD41 /* Debug */ = {
			isa = XCBuildConfiguration;
			buildSettings = {
				ALWAYS_SEARCH_USER_PATHS = NO;
				CLANG_CXX_LANGUAGE_STANDARD = "gnu++0x";
				CLANG_CXX_LIBRARY = "libc++";
				CLANG_ENABLE_MODULES = YES;
				CLANG_ENABLE_OBJC_ARC = YES;
				CLANG_WARN_BOOL_CONVERSION = YES;
				CLANG_WARN_CONSTANT_CONVERSION = YES;
				CLANG_WARN_DIRECT_OBJC_ISA_USAGE = YES_ERROR;
				CLANG_WARN_EMPTY_BODY = YES;
				CLANG_WARN_ENUM_CONVERSION = YES;
				CLANG_WARN_INT_CONVERSION = YES;
				CLANG_WARN_OBJC_ROOT_CLASS = YES_ERROR;
				CLANG_WARN_UNREACHABLE_CODE = YES;
				CLANG_WARN__DUPLICATE_METHOD_MATCH = YES;
				"CODE_SIGN_IDENTITY[sdk=iphoneos*]" = "iPhone Developer";
				COPY_PHASE_STRIP = NO;
				DEBUG_INFORMATION_FORMAT = dwarf;
				ENABLE_STRICT_OBJC_MSGSEND = YES;
				ENABLE_TESTABILITY = YES;
				GCC_C_LANGUAGE_STANDARD = gnu99;
				GCC_DYNAMIC_NO_PIC = NO;
				GCC_NO_COMMON_BLOCKS = YES;
				GCC_OPTIMIZATION_LEVEL = 0;
				GCC_PREPROCESSOR_DEFINITIONS = (
					"DEBUG=1",
					"$(inherited)",
				);
				GCC_WARN_64_TO_32_BIT_CONVERSION = YES;
				GCC_WARN_ABOUT_RETURN_TYPE = YES_ERROR;
				GCC_WARN_UNDECLARED_SELECTOR = YES;
				GCC_WARN_UNINITIALIZED_AUTOS = YES_AGGRESSIVE;
				GCC_WARN_UNUSED_FUNCTION = YES;
				GCC_WARN_UNUSED_VARIABLE = YES;
				IPHONEOS_DEPLOYMENT_TARGET = 9.2;
				MTL_ENABLE_DEBUG_INFO = YES;
				ONLY_ACTIVE_ARCH = YES;
				SDKROOT = iphoneos;
				SWIFT_OPTIMIZATION_LEVEL = "-Onone";
				TARGETED_DEVICE_FAMILY = "1,2";
			};
			name = Debug;
		};
		BC16A83B1C588AA30005BD41 /* Release */ = {
			isa = XCBuildConfiguration;
			buildSettings = {
				ALWAYS_SEARCH_USER_PATHS = NO;
				CLANG_CXX_LANGUAGE_STANDARD = "gnu++0x";
				CLANG_CXX_LIBRARY = "libc++";
				CLANG_ENABLE_MODULES = YES;
				CLANG_ENABLE_OBJC_ARC = YES;
				CLANG_WARN_BOOL_CONVERSION = YES;
				CLANG_WARN_CONSTANT_CONVERSION = YES;
				CLANG_WARN_DIRECT_OBJC_ISA_USAGE = YES_ERROR;
				CLANG_WARN_EMPTY_BODY = YES;
				CLANG_WARN_ENUM_CONVERSION = YES;
				CLANG_WARN_INT_CONVERSION = YES;
				CLANG_WARN_OBJC_ROOT_CLASS = YES_ERROR;
				CLANG_WARN_UNREACHABLE_CODE = YES;
				CLANG_WARN__DUPLICATE_METHOD_MATCH = YES;
				"CODE_SIGN_IDENTITY[sdk=iphoneos*]" = "iPhone Developer";
				COPY_PHASE_STRIP = NO;
				DEBUG_INFORMATION_FORMAT = "dwarf-with-dsym";
				ENABLE_NS_ASSERTIONS = NO;
				ENABLE_STRICT_OBJC_MSGSEND = YES;
				GCC_C_LANGUAGE_STANDARD = gnu99;
				GCC_NO_COMMON_BLOCKS = YES;
				GCC_WARN_64_TO_32_BIT_CONVERSION = YES;
				GCC_WARN_ABOUT_RETURN_TYPE = YES_ERROR;
				GCC_WARN_UNDECLARED_SELECTOR = YES;
				GCC_WARN_UNINITIALIZED_AUTOS = YES_AGGRESSIVE;
				GCC_WARN_UNUSED_FUNCTION = YES;
				GCC_WARN_UNUSED_VARIABLE = YES;
				IPHONEOS_DEPLOYMENT_TARGET = 9.2;
				MTL_ENABLE_DEBUG_INFO = NO;
				SDKROOT = iphoneos;
				TARGETED_DEVICE_FAMILY = "1,2";
				VALIDATE_PRODUCT = YES;
			};
			name = Release;
		};
		BC16A83D1C588AA30005BD41 /* Debug */ = {
			isa = XCBuildConfiguration;
			buildSettings = {
				ASSETCATALOG_COMPILER_APPICON_NAME = AppIcon;
				INFOPLIST_FILE = iCalc/Info.plist;
				LD_RUNPATH_SEARCH_PATHS = "$(inherited) @executable_path/Frameworks";
				PRODUCT_BUNDLE_IDENTIFIER = com.halawriting.iCalc;
				PRODUCT_NAME = "$(TARGET_NAME)";
			};
			name = Debug;
		};
		BC16A83E1C588AA30005BD41 /* Release */ = {
			isa = XCBuildConfiguration;
			buildSettings = {
				ASSETCATALOG_COMPILER_APPICON_NAME = AppIcon;
				INFOPLIST_FILE = iCalc/Info.plist;
				LD_RUNPATH_SEARCH_PATHS = "$(inherited) @executable_path/Frameworks";
				PRODUCT_BUNDLE_IDENTIFIER = com.halawriting.iCalc;
				PRODUCT_NAME = "$(TARGET_NAME)";
			};
			name = Release;
		};
		BC16A8401C588AA30005BD41 /* Debug */ = {
			isa = XCBuildConfiguration;
			buildSettings = {
				BUNDLE_LOADER = "$(TEST_HOST)";
				INFOPLIST_FILE = iCalcTests/Info.plist;
				LD_RUNPATH_SEARCH_PATHS = "$(inherited) @executable_path/Frameworks @loader_path/Frameworks";
				PRODUCT_BUNDLE_IDENTIFIER = com.halawriting.iCalcTests;
				PRODUCT_NAME = "$(TARGET_NAME)";
				TEST_HOST = "$(BUILT_PRODUCTS_DIR)/iCalc.app/iCalc";
			};
			name = Debug;
		};
		BC16A8411C588AA30005BD41 /* Release */ = {
			isa = XCBuildConfiguration;
			buildSettings = {
				BUNDLE_LOADER = "$(TEST_HOST)";
				INFOPLIST_FILE = iCalcTests/Info.plist;
				LD_RUNPATH_SEARCH_PATHS = "$(inherited) @executable_path/Frameworks @loader_path/Frameworks";
				PRODUCT_BUNDLE_IDENTIFIER = com.halawriting.iCalcTests;
				PRODUCT_NAME = "$(TARGET_NAME)";
				TEST_HOST = "$(BUILT_PRODUCTS_DIR)/iCalc.app/iCalc";
			};
			name = Release;
		};
		BC16A8431C588AA30005BD41 /* Debug */ = {
			isa = XCBuildConfiguration;
			buildSettings = {
				INFOPLIST_FILE = iCalcUITests/Info.plist;
				LD_RUNPATH_SEARCH_PATHS = "$(inherited) @executable_path/Frameworks @loader_path/Frameworks";
				PRODUCT_BUNDLE_IDENTIFIER = com.halawriting.iCalcUITests;
				PRODUCT_NAME = "$(TARGET_NAME)";
				TEST_TARGET_NAME = iCalc;
				USES_XCTRUNNER = YES;
			};
			name = Debug;
		};
		BC16A8441C588AA30005BD41 /* Release */ = {
			isa = XCBuildConfiguration;
			buildSettings = {
				INFOPLIST_FILE = iCalcUITests/Info.plist;
				LD_RUNPATH_SEARCH_PATHS = "$(inherited) @executable_path/Frameworks @loader_path/Frameworks";
				PRODUCT_BUNDLE_IDENTIFIER = com.halawriting.iCalcUITests;
				PRODUCT_NAME = "$(TARGET_NAME)";
				TEST_TARGET_NAME = iCalc;
				USES_XCTRUNNER = YES;
			};
			name = Release;
		};
/* End XCBuildConfiguration section */

/* Begin XCConfigurationList section */
		BC16A80F1C588AA20005BD41 /* Build configuration list for PBXProject "iCalc" */ = {
			isa = XCConfigurationList;
			buildConfigurations = (
				BC16A83A1C588AA30005BD41 /* Debug */,
				BC16A83B1C588AA30005BD41 /* Release */,
			);
			defaultConfigurationIsVisible = 0;
			defaultConfigurationName = Release;
		};
		BC16A83C1C588AA30005BD41 /* Build configuration list for PBXNativeTarget "iCalc" */ = {
			isa = XCConfigurationList;
			buildConfigurations = (
				BC16A83D1C588AA30005BD41 /* Debug */,
				BC16A83E1C588AA30005BD41 /* Release */,
			);
			defaultConfigurationIsVisible = 0;
			defaultConfigurationName = Release;
		};
		BC16A83F1C588AA30005BD41 /* Build configuration list for PBXNativeTarget "iCalcTests" */ = {
			isa = XCConfigurationList;
			buildConfigurations = (
				BC16A8401C588AA30005BD41 /* Debug */,
				BC16A8411C588AA30005BD41 /* Release */,
			);
			defaultConfigurationIsVisible = 0;
			defaultConfigurationName = Release;
		};
		BC16A8421C588AA30005BD41 /* Build configuration list for PBXNativeTarget "iCalcUITests" */ = {
			isa = XCConfigurationList;
			buildConfigurations = (
				BC16A8431C588AA30005BD41 /* Debug */,
				BC16A8441C588AA30005BD41 /* Release */,
			);
			defaultConfigurationIsVisible = 0;
			defaultConfigurationName = Release;
		};
/* End XCConfigurationList section */
	};
	rootObject = BC16A80C1C588AA20005BD41 /* Project object */;
}
